
Microsoft Visual Studio Solution File, Format Version 12.00
# Visual Studio Version 17
VisualStudioVersion = 17.0.31903.59
MinimumVisualStudioVersion = 10.0.40219.1
Project("{FAE04EC0-301F-11D3-BF4B-00C04F79EFBC}") = "CompanyEmployees", "CompanyEmployees\CompanyEmployees.csproj", "{7E7B3BB3-A8AF-4BE9-A7A0-2757171D7518}"
EndProject
Project("{FAE04EC0-301F-11D3-BF4B-00C04F79EFBC}") = "Contracts", "Contracts\Contracts.csproj", "{7C4A4A7D-47AC-4357-84CC-D55C03BA45F4}"
EndProject
Project("{FAE04EC0-301F-11D3-BF4B-00C04F79EFBC}") = "LoggerService", "LoggerService\LoggerService.csproj", "{CBBFB5CE-0F51-4295-82DC-A7C973EE1467}"
EndProject
Project("{FAE04EC0-301F-11D3-BF4B-00C04F79EFBC}") = "Entities", "Entities\Entities.csproj", "{3500F1FD-603E-4C26-8CF6-2B28BAD4852E}"
EndProject
Project("{FAE04EC0-301F-11D3-BF4B-00C04F79EFBC}") = "Repository", "Repository\Repository.csproj", "{8DE080EB-C54E-4229-B65E-2ECC14BBDBC3}"
EndProject
Project("{FAE04EC0-301F-11D3-BF4B-00C04F79EFBC}") = "Service.Contracts", "Service.Contracts\Service.Contracts.csproj", "{AB458715-15E0-4D5B-BDC9-41B1178F0527}"
EndProject
Project("{FAE04EC0-301F-11D3-BF4B-00C04F79EFBC}") = "Service", "Service\Service.csproj", "{36082BB7-180E-4B92-B323-E1777C92F7ED}"
EndProject
Project("{FAE04EC0-301F-11D3-BF4B-00C04F79EFBC}") = "CompanyEmployees.Presentation", "CompanyEmployees.Presentation\CompanyEmployees.Presentation.csproj", "{442AC8FF-C846-4226-BF82-1A8F309F6C73}"
EndProject
Global
	GlobalSection(SolutionConfigurationPlatforms) = preSolution
		Debug|Any CPU = Debug|Any CPU
		Release|Any CPU = Release|Any CPU
	EndGlobalSection
	GlobalSection(SolutionProperties) = preSolution
		HideSolutionNode = FALSE
	EndGlobalSection
	GlobalSection(ProjectConfigurationPlatforms) = postSolution
		{7E7B3BB3-A8AF-4BE9-A7A0-2757171D7518}.Debug|Any CPU.ActiveCfg = Debug|Any CPU
		{7E7B3BB3-A8AF-4BE9-A7A0-2757171D7518}.Debug|Any CPU.Build.0 = Debug|Any CPU
		{7E7B3BB3-A8AF-4BE9-A7A0-2757171D7518}.Release|Any CPU.ActiveCfg = Release|Any CPU
		{7E7B3BB3-A8AF-4BE9-A7A0-2757171D7518}.Release|Any CPU.Build.0 = Release|Any CPU
		{7C4A4A7D-47AC-4357-84CC-D55C03BA45F4}.Debug|Any CPU.ActiveCfg = Debug|Any CPU
		{7C4A4A7D-47AC-4357-84CC-D55C03BA45F4}.Debug|Any CPU.Build.0 = Debug|Any CPU
		{7C4A4A7D-47AC-4357-84CC-D55C03BA45F4}.Release|Any CPU.ActiveCfg = Release|Any CPU
		{7C4A4A7D-47AC-4357-84CC-D55C03BA45F4}.Release|Any CPU.Build.0 = Release|Any CPU
		{CBBFB5CE-0F51-4295-82DC-A7C973EE1467}.Debug|Any CPU.ActiveCfg = Debug|Any CPU
		{CBBFB5CE-0F51-4295-82DC-A7C973EE1467}.Debug|Any CPU.Build.0 = Debug|Any CPU
		{CBBFB5CE-0F51-4295-82DC-A7C973EE1467}.Release|Any CPU.ActiveCfg = Release|Any CPU
		{CBBFB5CE-0F51-4295-82DC-A7C973EE1467}.Release|Any CPU.Build.0 = Release|Any CPU
		{3500F1FD-603E-4C26-8CF6-2B28BAD4852E}.Debug|Any CPU.ActiveCfg = Debug|Any CPU
		{3500F1FD-603E-4C26-8CF6-2B28BAD4852E}.Debug|Any CPU.Build.0 = Debug|Any CPU
		{3500F1FD-603E-4C26-8CF6-2B28BAD4852E}.Release|Any CPU.ActiveCfg = Release|Any CPU
		{3500F1FD-603E-4C26-8CF6-2B28BAD4852E}.Release|Any CPU.Build.0 = Release|Any CPU
		{8DE080EB-C54E-4229-B65E-2ECC14BBDBC3}.Debug|Any CPU.ActiveCfg = Debug|Any CPU
		{8DE080EB-C54E-4229-B65E-2ECC14BBDBC3}.Debug|Any CPU.Build.0 = Debug|Any CPU
		{8DE080EB-C54E-4229-B65E-2ECC14BBDBC3}.Release|Any CPU.ActiveCfg = Release|Any CPU
		{8DE080EB-C54E-4229-B65E-2ECC14BBDBC3}.Release|Any CPU.Build.0 = Release|Any CPU
		{AB458715-15E0-4D5B-BDC9-41B1178F0527}.Debug|Any CPU.ActiveCfg = Debug|Any CPU
		{AB458715-15E0-4D5B-BDC9-41B1178F0527}.Debug|Any CPU.Build.0 = Debug|Any CPU
		{AB458715-15E0-4D5B-BDC9-41B1178F0527}.Release|Any CPU.ActiveCfg = Release|Any CPU
		{AB458715-15E0-4D5B-BDC9-41B1178F0527}.Release|Any CPU.Build.0 = Release|Any CPU
		{36082BB7-180E-4B92-B323-E1777C92F7ED}.Debug|Any CPU.ActiveCfg = Debug|Any CPU
		{36082BB7-180E-4B92-B323-E1777C92F7ED}.Debug|Any CPU.Build.0 = Debug|Any CPU
		{36082BB7-180E-4B92-B323-E1777C92F7ED}.Release|Any CPU.ActiveCfg = Release|Any CPU
		{36082BB7-180E-4B92-B323-E1777C92F7ED}.Release|Any CPU.Build.0 = Release|Any CPU
		{442AC8FF-C846-4226-BF82-1A8F309F6C73}.Debug|Any CPU.ActiveCfg = Debug|Any CPU
		{442AC8FF-C846-4226-BF82-1A8F309F6C73}.Debug|Any CPU.Build.0 = Debug|Any CPU
		{442AC8FF-C846-4226-BF82-1A8F309F6C73}.Release|Any CPU.ActiveCfg = Release|Any CPU
		{442AC8FF-C846-4226-BF82-1A8F309F6C73}.Release|Any CPU.Build.0 = Release|Any CPU
	EndGlobalSection
EndGlobal
